// !$*UTF8*$!
{
	archiveVersion = 1;
	classes = {
	};
	objectVersion = 46;
	objects = {

/* Begin PBXBuildFile section */
		048E98FC1CAB7BF400020D2D /* VoiceRecordBase.m in Sources */ = {isa = PBXBuildFile; fileRef = 048E98FB1CAB7BF400020D2D /* VoiceRecordBase.m */; };
		048E99021CAB815B00020D2D /* VoiceRecordProgram.m in Sources */ = {isa = PBXBuildFile; fileRef = 048E99011CAB815B00020D2D /* VoiceRecordProgram.m */; };
		048E99141CABB45D00020D2D /* amrFileCodec.mm in Sources */ = {isa = PBXBuildFile; fileRef = 048E99061CABB45D00020D2D /* amrFileCodec.mm */; };
		048E99151CABB45D00020D2D /* wav.mm in Sources */ = {isa = PBXBuildFile; fileRef = 048E99081CABB45D00020D2D /* wav.mm */; };
		048E99161CABB45D00020D2D /* libopencore-amrnb.a in Frameworks */ = {isa = PBXBuildFile; fileRef = 048E990A1CABB45D00020D2D /* libopencore-amrnb.a */; };
		048E99171CABB45D00020D2D /* libopencore-amrwb.a in Frameworks */ = {isa = PBXBuildFile; fileRef = 048E990B1CABB45D00020D2D /* libopencore-amrwb.a */; };
		048E99181CABB45D00020D2D /* VoiceConverter.mm in Sources */ = {isa = PBXBuildFile; fileRef = 048E99131CABB45D00020D2D /* VoiceConverter.mm */; };
		0A92693F5D3A4E9DBA59F8A4 /* Pods_VoiceView.framework in Frameworks */ = {isa = PBXBuildFile; fileRef = 1ABB50ED19B3E58FDADBB641 /* Pods_VoiceView.framework */; };
		AEE576EC1CAA94D100927EF1 /* main.m in Sources */ = {isa = PBXBuildFile; fileRef = AEE576EB1CAA94D100927EF1 /* main.m */; };
		AEE576EF1CAA94D100927EF1 /* AppDelegate.m in Sources */ = {isa = PBXBuildFile; fileRef = AEE576EE1CAA94D100927EF1 /* AppDelegate.m */; };
		AEE576F21CAA94D100927EF1 /* ViewController.m in Sources */ = {isa = PBXBuildFile; fileRef = AEE576F11CAA94D100927EF1 /* ViewController.m */; };
		AEE576F51CAA94D100927EF1 /* Main.storyboard in Resources */ = {isa = PBXBuildFile; fileRef = AEE576F31CAA94D100927EF1 /* Main.storyboard */; };
		AEE576F71CAA94D100927EF1 /* Assets.xcassets in Resources */ = {isa = PBXBuildFile; fileRef = AEE576F61CAA94D100927EF1 /* Assets.xcassets */; };
		AEE576FA1CAA94D100927EF1 /* LaunchScreen.storyboard in Resources */ = {isa = PBXBuildFile; fileRef = AEE576F81CAA94D100927EF1 /* LaunchScreen.storyboard */; };
		AEE577051CAA94D100927EF1 /* VoiceViewTests.m in Sources */ = {isa = PBXBuildFile; fileRef = AEE577041CAA94D100927EF1 /* VoiceViewTests.m */; };
		AEE577101CAA94D100927EF1 /* VoiceViewUITests.m in Sources */ = {isa = PBXBuildFile; fileRef = AEE5770F1CAA94D100927EF1 /* VoiceViewUITests.m */; };
		AEE577231CAAA93200927EF1 /* VoiceAlertView.m in Sources */ = {isa = PBXBuildFile; fileRef = AEE577221CAAA93200927EF1 /* VoiceAlertView.m */; };
		AEE577251CAAA94300927EF1 /* VoiceAlertView.xib in Resources */ = {isa = PBXBuildFile; fileRef = AEE577241CAAA94300927EF1 /* VoiceAlertView.xib */; };
		AEE577271CAABB7D00927EF1 /* AVFoundation.framework in Frameworks */ = {isa = PBXBuildFile; fileRef = AEE577261CAABB7D00927EF1 /* AVFoundation.framework */; };
		AEE577291CAABB8A00927EF1 /* CoreAudio.framework in Frameworks */ = {isa = PBXBuildFile; fileRef = AEE577281CAABB8A00927EF1 /* CoreAudio.framework */; };
/* End PBXBuildFile section */

/* Begin PBXContainerItemProxy section */
		AEE577011CAA94D100927EF1 /* PBXContainerItemProxy */ = {
			isa = PBXContainerItemProxy;
			containerPortal = AEE576DF1CAA94D000927EF1 /* Project object */;
			proxyType = 1;
			remoteGlobalIDString = AEE576E61CAA94D100927EF1;
			remoteInfo = VoiceView;
		};
		AEE5770C1CAA94D100927EF1 /* PBXContainerItemProxy */ = {
			isa = PBXContainerItemProxy;
			containerPortal = AEE576DF1CAA94D000927EF1 /* Project object */;
			proxyType = 1;
			remoteGlobalIDString = AEE576E61CAA94D100927EF1;
			remoteInfo = VoiceView;
		};
/* End PBXContainerItemProxy section */

/* Begin PBXFileReference section */
		048E98FA1CAB7BF400020D2D /* VoiceRecordBase.h */ = {isa = PBXFileReference; fileEncoding = 4; lastKnownFileType = sourcecode.c.h; path = VoiceRecordBase.h; sourceTree = "<group>"; };
		048E98FB1CAB7BF400020D2D /* VoiceRecordBase.m */ = {isa = PBXFileReference; fileEncoding = 4; lastKnownFileType = sourcecode.c.objc; path = VoiceRecordBase.m; sourceTree = "<group>"; };
		048E99001CAB815B00020D2D /* VoiceRecordProgram.h */ = {isa = PBXFileReference; fileEncoding = 4; lastKnownFileType = sourcecode.c.h; path = VoiceRecordProgram.h; sourceTree = "<group>"; };
		048E99011CAB815B00020D2D /* VoiceRecordProgram.m */ = {isa = PBXFileReference; fileEncoding = 4; lastKnownFileType = sourcecode.c.objc; path = VoiceRecordProgram.m; sourceTree = "<group>"; };
		048E99051CABB45D00020D2D /* amrFileCodec.h */ = {isa = PBXFileReference; fileEncoding = 4; lastKnownFileType = sourcecode.c.h; path = amrFileCodec.h; sourceTree = "<group>"; };
		048E99061CABB45D00020D2D /* amrFileCodec.mm */ = {isa = PBXFileReference; fileEncoding = 4; lastKnownFileType = sourcecode.cpp.objcpp; path = amrFileCodec.mm; sourceTree = "<group>"; };
		048E99071CABB45D00020D2D /* wav.h */ = {isa = PBXFileReference; fileEncoding = 4; lastKnownFileType = sourcecode.c.h; path = wav.h; sourceTree = "<group>"; };
		048E99081CABB45D00020D2D /* wav.mm */ = {isa = PBXFileReference; fileEncoding = 4; lastKnownFileType = sourcecode.cpp.objcpp; path = wav.mm; sourceTree = "<group>"; };
		048E990A1CABB45D00020D2D /* libopencore-amrnb.a */ = {isa = PBXFileReference; lastKnownFileType = archive.ar; path = "libopencore-amrnb.a"; sourceTree = "<group>"; };
		048E990B1CABB45D00020D2D /* libopencore-amrwb.a */ = {isa = PBXFileReference; lastKnownFileType = archive.ar; path = "libopencore-amrwb.a"; sourceTree = "<group>"; };
		048E990D1CABB45D00020D2D /* interf_dec.h */ = {isa = PBXFileReference; fileEncoding = 4; lastKnownFileType = sourcecode.c.h; path = interf_dec.h; sourceTree = "<group>"; };
		048E990E1CABB45D00020D2D /* interf_enc.h */ = {isa = PBXFileReference; fileEncoding = 4; lastKnownFileType = sourcecode.c.h; path = interf_enc.h; sourceTree = "<group>"; };
		048E99101CABB45D00020D2D /* dec_if.h */ = {isa = PBXFileReference; fileEncoding = 4; lastKnownFileType = sourcecode.c.h; path = dec_if.h; sourceTree = "<group>"; };
		048E99111CABB45D00020D2D /* if_rom.h */ = {isa = PBXFileReference; fileEncoding = 4; lastKnownFileType = sourcecode.c.h; path = if_rom.h; sourceTree = "<group>"; };
		048E99121CABB45D00020D2D /* VoiceConverter.h */ = {isa = PBXFileReference; fileEncoding = 4; lastKnownFileType = sourcecode.c.h; path = VoiceConverter.h; sourceTree = "<group>"; };
		048E99131CABB45D00020D2D /* VoiceConverter.mm */ = {isa = PBXFileReference; fileEncoding = 4; lastKnownFileType = sourcecode.cpp.objcpp; path = VoiceConverter.mm; sourceTree = "<group>"; };
		1ABB50ED19B3E58FDADBB641 /* Pods_VoiceView.framework */ = {isa = PBXFileReference; explicitFileType = wrapper.framework; includeInIndex = 0; path = Pods_VoiceView.framework; sourceTree = BUILT_PRODUCTS_DIR; };
		88321A77B6DEA6BB315CD84F /* Pods-VoiceView.release.xcconfig */ = {isa = PBXFileReference; includeInIndex = 1; lastKnownFileType = text.xcconfig; name = "Pods-VoiceView.release.xcconfig"; path = "Pods/Target Support Files/Pods-VoiceView/Pods-VoiceView.release.xcconfig"; sourceTree = "<group>"; };
		AEE576E71CAA94D100927EF1 /* VoiceView.app */ = {isa = PBXFileReference; explicitFileType = wrapper.application; includeInIndex = 0; path = VoiceView.app; sourceTree = BUILT_PRODUCTS_DIR; };
		AEE576EB1CAA94D100927EF1 /* main.m */ = {isa = PBXFileReference; lastKnownFileType = sourcecode.c.objc; path = main.m; sourceTree = "<group>"; };
		AEE576ED1CAA94D100927EF1 /* AppDelegate.h */ = {isa = PBXFileReference; lastKnownFileType = sourcecode.c.h; path = AppDelegate.h; sourceTree = "<group>"; };
		AEE576EE1CAA94D100927EF1 /* AppDelegate.m */ = {isa = PBXFileReference; lastKnownFileType = sourcecode.c.objc; path = AppDelegate.m; sourceTree = "<group>"; };
		AEE576F01CAA94D100927EF1 /* ViewController.h */ = {isa = PBXFileReference; lastKnownFileType = sourcecode.c.h; path = ViewController.h; sourceTree = "<group>"; };
		AEE576F11CAA94D100927EF1 /* ViewController.m */ = {isa = PBXFileReference; lastKnownFileType = sourcecode.c.objc; path = ViewController.m; sourceTree = "<group>"; };
		AEE576F41CAA94D100927EF1 /* Base */ = {isa = PBXFileReference; lastKnownFileType = file.storyboard; name = Base; path = Base.lproj/Main.storyboard; sourceTree = "<group>"; };
		AEE576F61CAA94D100927EF1 /* Assets.xcassets */ = {isa = PBXFileReference; lastKnownFileType = folder.assetcatalog; path = Assets.xcassets; sourceTree = "<group>"; };
		AEE576F91CAA94D100927EF1 /* Base */ = {isa = PBXFileReference; lastKnownFileType = file.storyboard; name = Base; path = Base.lproj/LaunchScreen.storyboard; sourceTree = "<group>"; };
		AEE576FB1CAA94D100927EF1 /* Info.plist */ = {isa = PBXFileReference; lastKnownFileType = text.plist.xml; path = Info.plist; sourceTree = "<group>"; };
		AEE577001CAA94D100927EF1 /* VoiceViewTests.xctest */ = {isa = PBXFileReference; explicitFileType = wrapper.cfbundle; includeInIndex = 0; path = VoiceViewTests.xctest; sourceTree = BUILT_PRODUCTS_DIR; };
		AEE577041CAA94D100927EF1 /* VoiceViewTests.m */ = {isa = PBXFileReference; lastKnownFileType = sourcecode.c.objc; path = VoiceViewTests.m; sourceTree = "<group>"; };
		AEE577061CAA94D100927EF1 /* Info.plist */ = {isa = PBXFileReference; lastKnownFileType = text.plist.xml; path = Info.plist; sourceTree = "<group>"; };
		AEE5770B1CAA94D100927EF1 /* VoiceViewUITests.xctest */ = {isa = PBXFileReference; explicitFileType = wrapper.cfbundle; includeInIndex = 0; path = VoiceViewUITests.xctest; sourceTree = BUILT_PRODUCTS_DIR; };
		AEE5770F1CAA94D100927EF1 /* VoiceViewUITests.m */ = {isa = PBXFileReference; lastKnownFileType = sourcecode.c.objc; path = VoiceViewUITests.m; sourceTree = "<group>"; };
		AEE577111CAA94D100927EF1 /* Info.plist */ = {isa = PBXFileReference; lastKnownFileType = text.plist.xml; path = Info.plist; sourceTree = "<group>"; };
		AEE577201CAAA6D700927EF1 /* VoiceView.pch */ = {isa = PBXFileReference; fileEncoding = 4; lastKnownFileType = sourcecode.c.h; path = VoiceView.pch; sourceTree = "<group>"; };
		AEE577211CAAA93200927EF1 /* VoiceAlertView.h */ = {isa = PBXFileReference; fileEncoding = 4; lastKnownFileType = sourcecode.c.h; path = VoiceAlertView.h; sourceTree = "<group>"; };
		AEE577221CAAA93200927EF1 /* VoiceAlertView.m */ = {isa = PBXFileReference; fileEncoding = 4; lastKnownFileType = sourcecode.c.objc; path = VoiceAlertView.m; sourceTree = "<group>"; };
		AEE577241CAAA94300927EF1 /* VoiceAlertView.xib */ = {isa = PBXFileReference; fileEncoding = 4; lastKnownFileType = file.xib; path = VoiceAlertView.xib; sourceTree = "<group>"; };
		AEE577261CAABB7D00927EF1 /* AVFoundation.framework */ = {isa = PBXFileReference; lastKnownFileType = wrapper.framework; name = AVFoundation.framework; path = System/Library/Frameworks/AVFoundation.framework; sourceTree = SDKROOT; };
		AEE577281CAABB8A00927EF1 /* CoreAudio.framework */ = {isa = PBXFileReference; lastKnownFileType = wrapper.framework; name = CoreAudio.framework; path = System/Library/Frameworks/CoreAudio.framework; sourceTree = SDKROOT; };
		B38A70D6ABBC8BED3C000F00 /* Pods-VoiceView.debug.xcconfig */ = {isa = PBXFileReference; includeInIndex = 1; lastKnownFileType = text.xcconfig; name = "Pods-VoiceView.debug.xcconfig"; path = "Pods/Target Support Files/Pods-VoiceView/Pods-VoiceView.debug.xcconfig"; sourceTree = "<group>"; };
/* End PBXFileReference section */

/* Begin PBXFrameworksBuildPhase section */
		AEE576E41CAA94D100927EF1 /* Frameworks */ = {
			isa = PBXFrameworksBuildPhase;
			buildActionMask = 2147483647;
			files = (
				AEE577291CAABB8A00927EF1 /* CoreAudio.framework in Frameworks */,
				048E99171CABB45D00020D2D /* libopencore-amrwb.a in Frameworks */,
				048E99161CABB45D00020D2D /* libopencore-amrnb.a in Frameworks */,
				AEE577271CAABB7D00927EF1 /* AVFoundation.framework in Frameworks */,
				0A92693F5D3A4E9DBA59F8A4 /* Pods_VoiceView.framework in Frameworks */,
			);
			runOnlyForDeploymentPostprocessing = 0;
		};
		AEE576FD1CAA94D100927EF1 /* Frameworks */ = {
			isa = PBXFrameworksBuildPhase;
			buildActionMask = 2147483647;
			files = (
			);
			runOnlyForDeploymentPostprocessing = 0;
		};
		AEE577081CAA94D100927EF1 /* Frameworks */ = {
			isa = PBXFrameworksBuildPhase;
			buildActionMask = 2147483647;
			files = (
			);
			runOnlyForDeploymentPostprocessing = 0;
		};
/* End PBXFrameworksBuildPhase section */

/* Begin PBXGroup section */
		0323AF1E1DB53CCF67F589CC /* Pods */ = {
			isa = PBXGroup;
			children = (
				B38A70D6ABBC8BED3C000F00 /* Pods-VoiceView.debug.xcconfig */,
				88321A77B6DEA6BB315CD84F /* Pods-VoiceView.release.xcconfig */,
			);
			name = Pods;
			sourceTree = "<group>";
		};
		048E99031CABB45D00020D2D /* VoiceConvert */ = {
			isa = PBXGroup;
			children = (
				048E99041CABB45D00020D2D /* amrwapper */,
				048E99091CABB45D00020D2D /* lib */,
				048E990C1CABB45D00020D2D /* opencore-amrnb */,
				048E990F1CABB45D00020D2D /* opencore-amrwb */,
				048E99121CABB45D00020D2D /* VoiceConverter.h */,
				048E99131CABB45D00020D2D /* VoiceConverter.mm */,
			);
			path = VoiceConvert;
			sourceTree = "<group>";
		};
		048E99041CABB45D00020D2D /* amrwapper */ = {
			isa = PBXGroup;
			children = (
				048E99051CABB45D00020D2D /* amrFileCodec.h */,
				048E99061CABB45D00020D2D /* amrFileCodec.mm */,
				048E99071CABB45D00020D2D /* wav.h */,
				048E99081CABB45D00020D2D /* wav.mm */,
			);
			path = amrwapper;
			sourceTree = "<group>";
		};
		048E99091CABB45D00020D2D /* lib */ = {
			isa = PBXGroup;
			children = (
				048E990A1CABB45D00020D2D /* libopencore-amrnb.a */,
				048E990B1CABB45D00020D2D /* libopencore-amrwb.a */,
			);
			path = lib;
			sourceTree = "<group>";
		};
		048E990C1CABB45D00020D2D /* opencore-amrnb */ = {
			isa = PBXGroup;
			children = (
				048E990D1CABB45D00020D2D /* interf_dec.h */,
				048E990E1CABB45D00020D2D /* interf_enc.h */,
			);
			path = "opencore-amrnb";
			sourceTree = "<group>";
		};
		048E990F1CABB45D00020D2D /* opencore-amrwb */ = {
			isa = PBXGroup;
			children = (
				048E99101CABB45D00020D2D /* dec_if.h */,
				048E99111CABB45D00020D2D /* if_rom.h */,
			);
			path = "opencore-amrwb";
			sourceTree = "<group>";
		};
		1E71687E38ECA170BDC1C534 /* Frameworks */ = {
			isa = PBXGroup;
			children = (
				AEE577281CAABB8A00927EF1 /* CoreAudio.framework */,
				AEE577261CAABB7D00927EF1 /* AVFoundation.framework */,
				1ABB50ED19B3E58FDADBB641 /* Pods_VoiceView.framework */,
			);
			name = Frameworks;
			sourceTree = "<group>";
		};
		AEE576DE1CAA94D000927EF1 = {
			isa = PBXGroup;
			children = (
				AEE576E91CAA94D100927EF1 /* VoiceView */,
				AEE577031CAA94D100927EF1 /* VoiceViewTests */,
				AEE5770E1CAA94D100927EF1 /* VoiceViewUITests */,
				AEE576E81CAA94D100927EF1 /* Products */,
				0323AF1E1DB53CCF67F589CC /* Pods */,
				1E71687E38ECA170BDC1C534 /* Frameworks */,
			);
			sourceTree = "<group>";
		};
		AEE576E81CAA94D100927EF1 /* Products */ = {
			isa = PBXGroup;
			children = (
				AEE576E71CAA94D100927EF1 /* VoiceView.app */,
				AEE577001CAA94D100927EF1 /* VoiceViewTests.xctest */,
				AEE5770B1CAA94D100927EF1 /* VoiceViewUITests.xctest */,
			);
			name = Products;
			sourceTree = "<group>";
		};
		AEE576E91CAA94D100927EF1 /* VoiceView */ = {
			isa = PBXGroup;
			children = (
				048E99031CABB45D00020D2D /* VoiceConvert */,
				AEE576ED1CAA94D100927EF1 /* AppDelegate.h */,
				AEE576EE1CAA94D100927EF1 /* AppDelegate.m */,
				AEE576F01CAA94D100927EF1 /* ViewController.h */,
				AEE576F11CAA94D100927EF1 /* ViewController.m */,
				048E98FA1CAB7BF400020D2D /* VoiceRecordBase.h */,
				048E98FB1CAB7BF400020D2D /* VoiceRecordBase.m */,
				048E99001CAB815B00020D2D /* VoiceRecordProgram.h */,
				048E99011CAB815B00020D2D /* VoiceRecordProgram.m */,
				AEE577211CAAA93200927EF1 /* VoiceAlertView.h */,
				AEE577221CAAA93200927EF1 /* VoiceAlertView.m */,
				AEE577241CAAA94300927EF1 /* VoiceAlertView.xib */,
				AEE576F31CAA94D100927EF1 /* Main.storyboard */,
				AEE576F61CAA94D100927EF1 /* Assets.xcassets */,
				AEE576F81CAA94D100927EF1 /* LaunchScreen.storyboard */,
				AEE576FB1CAA94D100927EF1 /* Info.plist */,
				AEE576EA1CAA94D100927EF1 /* Supporting Files */,
			);
			path = VoiceView;
			sourceTree = "<group>";
		};
		AEE576EA1CAA94D100927EF1 /* Supporting Files */ = {
			isa = PBXGroup;
			children = (
				AEE576EB1CAA94D100927EF1 /* main.m */,
				AEE577201CAAA6D700927EF1 /* VoiceView.pch */,
			);
			name = "Supporting Files";
			sourceTree = "<group>";
		};
		AEE577031CAA94D100927EF1 /* VoiceViewTests */ = {
			isa = PBXGroup;
			children = (
				AEE577041CAA94D100927EF1 /* VoiceViewTests.m */,
				AEE577061CAA94D100927EF1 /* Info.plist */,
			);
			path = VoiceViewTests;
			sourceTree = "<group>";
		};
		AEE5770E1CAA94D100927EF1 /* VoiceViewUITests */ = {
			isa = PBXGroup;
			children = (
				AEE5770F1CAA94D100927EF1 /* VoiceViewUITests.m */,
				AEE577111CAA94D100927EF1 /* Info.plist */,
			);
			path = VoiceViewUITests;
			sourceTree = "<group>";
		};
/* End PBXGroup section */

/* Begin PBXNativeTarget section */
		AEE576E61CAA94D100927EF1 /* VoiceView */ = {
			isa = PBXNativeTarget;
			buildConfigurationList = AEE577141CAA94D100927EF1 /* Build configuration list for PBXNativeTarget "VoiceView" */;
			buildPhases = (
				E23D6F66B5A24BEE04F46700 /* Check Pods Manifest.lock */,
				AEE576E31CAA94D100927EF1 /* Sources */,
				AEE576E41CAA94D100927EF1 /* Frameworks */,
				AEE576E51CAA94D100927EF1 /* Resources */,
				9998E1F808AADB28C0FA6424 /* Embed Pods Frameworks */,
				E8CF49A39A686F4A9A66356E /* Copy Pods Resources */,
			);
			buildRules = (
			);
			dependencies = (
			);
			name = VoiceView;
			productName = VoiceView;
			productReference = AEE576E71CAA94D100927EF1 /* VoiceView.app */;
			productType = "com.apple.product-type.application";
		};
		AEE576FF1CAA94D100927EF1 /* VoiceViewTests */ = {
			isa = PBXNativeTarget;
			buildConfigurationList = AEE577171CAA94D100927EF1 /* Build configuration list for PBXNativeTarget "VoiceViewTests" */;
			buildPhases = (
				AEE576FC1CAA94D100927EF1 /* Sources */,
				AEE576FD1CAA94D100927EF1 /* Frameworks */,
				AEE576FE1CAA94D100927EF1 /* Resources */,
			);
			buildRules = (
			);
			dependencies = (
				AEE577021CAA94D100927EF1 /* PBXTargetDependency */,
			);
			name = VoiceViewTests;
			productName = VoiceViewTests;
			productReference = AEE577001CAA94D100927EF1 /* VoiceViewTests.xctest */;
			productType = "com.apple.product-type.bundle.unit-test";
		};
		AEE5770A1CAA94D100927EF1 /* VoiceViewUITests */ = {
			isa = PBXNativeTarget;
			buildConfigurationList = AEE5771A1CAA94D100927EF1 /* Build configuration list for PBXNativeTarget "VoiceViewUITests" */;
			buildPhases = (
				AEE577071CAA94D100927EF1 /* Sources */,
				AEE577081CAA94D100927EF1 /* Frameworks */,
				AEE577091CAA94D100927EF1 /* Resources */,
			);
			buildRules = (
			);
			dependencies = (
				AEE5770D1CAA94D100927EF1 /* PBXTargetDependency */,
			);
			name = VoiceViewUITests;
			productName = VoiceViewUITests;
			productReference = AEE5770B1CAA94D100927EF1 /* VoiceViewUITests.xctest */;
			productType = "com.apple.product-type.bundle.ui-testing";
		};
/* End PBXNativeTarget section */

/* Begin PBXProject section */
		AEE576DF1CAA94D000927EF1 /* Project object */ = {
			isa = PBXProject;
			attributes = {
				LastUpgradeCheck = 0720;
				ORGANIZATIONNAME = "杨杰";
				TargetAttributes = {
					AEE576E61CAA94D100927EF1 = {
						CreatedOnToolsVersion = 7.2.1;
					};
					AEE576FF1CAA94D100927EF1 = {
						CreatedOnToolsVersion = 7.2.1;
						TestTargetID = AEE576E61CAA94D100927EF1;
					};
					AEE5770A1CAA94D100927EF1 = {
						CreatedOnToolsVersion = 7.2.1;
						TestTargetID = AEE576E61CAA94D100927EF1;
					};
				};
			};
			buildConfigurationList = AEE576E21CAA94D000927EF1 /* Build configuration list for PBXProject "VoiceView" */;
			compatibilityVersion = "Xcode 3.2";
			developmentRegion = English;
			hasScannedForEncodings = 0;
			knownRegions = (
				en,
				Base,
			);
			mainGroup = AEE576DE1CAA94D000927EF1;
			productRefGroup = AEE576E81CAA94D100927EF1 /* Products */;
			projectDirPath = "";
			projectRoot = "";
			targets = (
				AEE576E61CAA94D100927EF1 /* VoiceView */,
				AEE576FF1CAA94D100927EF1 /* VoiceViewTests */,
				AEE5770A1CAA94D100927EF1 /* VoiceViewUITests */,
			);
		};
/* End PBXProject section */

/* Begin PBXResourcesBuildPhase section */
		AEE576E51CAA94D100927EF1 /* Resources */ = {
			isa = PBXResourcesBuildPhase;
			buildActionMask = 2147483647;
			files = (
				AEE577251CAAA94300927EF1 /* VoiceAlertView.xib in Resources */,
				AEE576FA1CAA94D100927EF1 /* LaunchScreen.storyboard in Resources */,
				AEE576F71CAA94D100927EF1 /* Assets.xcassets in Resources */,
				AEE576F51CAA94D100927EF1 /* Main.storyboard in Resources */,
			);
			runOnlyForDeploymentPostprocessing = 0;
		};
		AEE576FE1CAA94D100927EF1 /* Resources */ = {
			isa = PBXResourcesBuildPhase;
			buildActionMask = 2147483647;
			files = (
			);
			runOnlyForDeploymentPostprocessing = 0;
		};
		AEE577091CAA94D100927EF1 /* Resources */ = {
			isa = PBXResourcesBuildPhase;
			buildActionMask = 2147483647;
			files = (
			);
			runOnlyForDeploymentPostprocessing = 0;
		};
/* End PBXResourcesBuildPhase section */

/* Begin PBXShellScriptBuildPhase section */
		9998E1F808AADB28C0FA6424 /* Embed Pods Frameworks */ = {
			isa = PBXShellScriptBuildPhase;
			buildActionMask = 2147483647;
			files = (
			);
			inputPaths = (
			);
			name = "Embed Pods Frameworks";
			outputPaths = (
			);
			runOnlyForDeploymentPostprocessing = 0;
			shellPath = /bin/sh;
			shellScript = "\"${SRCROOT}/Pods/Target Support Files/Pods-VoiceView/Pods-VoiceView-frameworks.sh\"\n";
			showEnvVarsInLog = 0;
		};
		E23D6F66B5A24BEE04F46700 /* Check Pods Manifest.lock */ = {
			isa = PBXShellScriptBuildPhase;
			buildActionMask = 2147483647;
			files = (
			);
			inputPaths = (
			);
			name = "Check Pods Manifest.lock";
			outputPaths = (
			);
			runOnlyForDeploymentPostprocessing = 0;
			shellPath = /bin/sh;
			shellScript = "diff \"${PODS_ROOT}/../Podfile.lock\" \"${PODS_ROOT}/Manifest.lock\" > /dev/null\nif [[ $? != 0 ]] ; then\n    cat << EOM\nerror: The sandbox is not in sync with the Podfile.lock. Run 'pod install' or update your CocoaPods installation.\nEOM\n    exit 1\nfi\n";
			showEnvVarsInLog = 0;
		};
		E8CF49A39A686F4A9A66356E /* Copy Pods Resources */ = {
			isa = PBXShellScriptBuildPhase;
			buildActionMask = 2147483647;
			files = (
			);
			inputPaths = (
			);
			name = "Copy Pods Resources";
			outputPaths = (
			);
			runOnlyForDeploymentPostprocessing = 0;
			shellPath = /bin/sh;
			shellScript = "\"${SRCROOT}/Pods/Target Support Files/Pods-VoiceView/Pods-VoiceView-resources.sh\"\n";
			showEnvVarsInLog = 0;
		};
/* End PBXShellScriptBuildPhase section */

/* Begin PBXSourcesBuildPhase section */
		AEE576E31CAA94D100927EF1 /* Sources */ = {
			isa = PBXSourcesBuildPhase;
			buildActionMask = 2147483647;
			files = (
				048E99141CABB45D00020D2D /* amrFileCodec.mm in Sources */,
				048E98FC1CAB7BF400020D2D /* VoiceRecordBase.m in Sources */,
				AEE576F21CAA94D100927EF1 /* ViewController.m in Sources */,
				048E99181CABB45D00020D2D /* VoiceConverter.mm in Sources */,
				AEE576EF1CAA94D100927EF1 /* AppDelegate.m in Sources */,
				048E99151CABB45D00020D2D /* wav.mm in Sources */,
				AEE576EC1CAA94D100927EF1 /* main.m in Sources */,
				048E99021CAB815B00020D2D /* VoiceRecordProgram.m in Sources */,
				AEE577231CAAA93200927EF1 /* VoiceAlertView.m in Sources */,
			);
			runOnlyForDeploymentPostprocessing = 0;
		};
		AEE576FC1CAA94D100927EF1 /* Sources */ = {
			isa = PBXSourcesBuildPhase;
			buildActionMask = 2147483647;
			files = (
				AEE577051CAA94D100927EF1 /* VoiceViewTests.m in Sources */,
			);
			runOnlyForDeploymentPostprocessing = 0;
		};
		AEE577071CAA94D100927EF1 /* Sources */ = {
			isa = PBXSourcesBuildPhase;
			buildActionMask = 2147483647;
			files = (
				AEE577101CAA94D100927EF1 /* VoiceViewUITests.m in Sources */,
			);
			runOnlyForDeploymentPostprocessing = 0;
		};
/* End PBXSourcesBuildPhase section */

/* Begin PBXTargetDependency section */
		AEE577021CAA94D100927EF1 /* PBXTargetDependency */ = {
			isa = PBXTargetDependency;
			target = AEE576E61CAA94D100927EF1 /* VoiceView */;
			targetProxy = AEE577011CAA94D100927EF1 /* PBXContainerItemProxy */;
		};
		AEE5770D1CAA94D100927EF1 /* PBXTargetDependency */ = {
			isa = PBXTargetDependency;
			target = AEE576E61CAA94D100927EF1 /* VoiceView */;
			targetProxy = AEE5770C1CAA94D100927EF1 /* PBXContainerItemProxy */;
		};
/* End PBXTargetDependency section */

/* Begin PBXVariantGroup section */
		AEE576F31CAA94D100927EF1 /* Main.storyboard */ = {
			isa = PBXVariantGroup;
			children = (
				AEE576F41CAA94D100927EF1 /* Base */,
			);
			name = Main.storyboard;
			sourceTree = "<group>";
		};
		AEE576F81CAA94D100927EF1 /* LaunchScreen.storyboard */ = {
			isa = PBXVariantGroup;
			children = (
				AEE576F91CAA94D100927EF1 /* Base */,
			);
			name = LaunchScreen.storyboard;
			sourceTree = "<group>";
		};
/* End PBXVariantGroup section */

/* Begin XCBuildConfiguration section */
		AEE577121CAA94D100927EF1 /* Debug */ = {
			isa = XCBuildConfiguration;
			buildSettings = {
				ALWAYS_SEARCH_USER_PATHS = NO;
				CLANG_CXX_LANGUAGE_STANDARD = "gnu++0x";
				CLANG_CXX_LIBRARY = "libc++";
				CLANG_ENABLE_MODULES = YES;
				CLANG_ENABLE_OBJC_ARC = YES;
				CLANG_WARN_BOOL_CONVERSION = YES;
				CLANG_WARN_CONSTANT_CONVERSION = YES;
				CLANG_WARN_DIRECT_OBJC_ISA_USAGE = YES_ERROR;
				CLANG_WARN_EMPTY_BODY = YES;
				CLANG_WARN_ENUM_CONVERSION = YES;
				CLANG_WARN_INT_CONVERSION = YES;
				CLANG_WARN_OBJC_ROOT_CLASS = YES_ERROR;
				CLANG_WARN_UNREACHABLE_CODE = YES;
				CLANG_WARN__DUPLICATE_METHOD_MATCH = YES;
				"CODE_SIGN_IDENTITY[sdk=iphoneos*]" = "iPhone Developer";
				COPY_PHASE_STRIP = NO;
				DEBUG_INFORMATION_FORMAT = dwarf;
				ENABLE_STRICT_OBJC_MSGSEND = YES;
				ENABLE_TESTABILITY = YES;
				GCC_C_LANGUAGE_STANDARD = gnu99;
				GCC_DYNAMIC_NO_PIC = NO;
				GCC_NO_COMMON_BLOCKS = YES;
				GCC_OPTIMIZATION_LEVEL = 0;
				GCC_PREPROCESSOR_DEFINITIONS = (
					"DEBUG=1",
					"$(inherited)",
				);
				GCC_WARN_64_TO_32_BIT_CONVERSION = YES;
				GCC_WARN_ABOUT_RETURN_TYPE = YES_ERROR;
				GCC_WARN_UNDECLARED_SELECTOR = YES;
				GCC_WARN_UNINITIALIZED_AUTOS = YES_AGGRESSIVE;
				GCC_WARN_UNUSED_FUNCTION = YES;
				GCC_WARN_UNUSED_VARIABLE = YES;
				IPHONEOS_DEPLOYMENT_TARGET = 9.2;
				MTL_ENABLE_DEBUG_INFO = YES;
				ONLY_ACTIVE_ARCH = YES;
				SDKROOT = iphoneos;
				TARGETED_DEVICE_FAMILY = "1,2";
			};
			name = Debug;
		};
		AEE577131CAA94D100927EF1 /* Release */ = {
			isa = XCBuildConfiguration;
			buildSettings = {
				ALWAYS_SEARCH_USER_PATHS = NO;
				CLANG_CXX_LANGUAGE_STANDARD = "gnu++0x";
				CLANG_CXX_LIBRARY = "libc++";
				CLANG_ENABLE_MODULES = YES;
				CLANG_ENABLE_OBJC_ARC = YES;
				CLANG_WARN_BOOL_CONVERSION = YES;
				CLANG_WARN_CONSTANT_CONVERSION = YES;
				CLANG_WARN_DIRECT_OBJC_ISA_USAGE = YES_ERROR;
				CLANG_WARN_EMPTY_BODY = YES;
				CLANG_WARN_ENUM_CONVERSION = YES;
				CLANG_WARN_INT_CONVERSION = YES;
				CLANG_WARN_OBJC_ROOT_CLASS = YES_ERROR;
				CLANG_WARN_UNREACHABLE_CODE = YES;
				CLANG_WARN__DUPLICATE_METHOD_MATCH = YES;
				"CODE_SIGN_IDENTITY[sdk=iphoneos*]" = "iPhone Developer";
				COPY_PHASE_STRIP = NO;
				DEBUG_INFORMATION_FORMAT = "dwarf-with-dsym";
				ENABLE_NS_ASSERTIONS = NO;
				ENABLE_STRICT_OBJC_MSGSEND = YES;
				GCC_C_LANGUAGE_STANDARD = gnu99;
				GCC_NO_COMMON_BLOCKS = YES;
				GCC_WARN_64_TO_32_BIT_CONVERSION = YES;
				GCC_WARN_ABOUT_RETURN_TYPE = YES_ERROR;
				GCC_WARN_UNDECLARED_SELECTOR = YES;
				GCC_WARN_UNINITIALIZED_AUTOS = YES_AGGRESSIVE;
				GCC_WARN_UNUSED_FUNCTION = YES;
				GCC_WARN_UNUSED_VARIABLE = YES;
				IPHONEOS_DEPLOYMENT_TARGET = 9.2;
				MTL_ENABLE_DEBUG_INFO = NO;
				SDKROOT = iphoneos;
				TARGETED_DEVICE_FAMILY = "1,2";
				VALIDATE_PRODUCT = YES;
			};
			name = Release;
		};
		AEE577151CAA94D100927EF1 /* Debug */ = {
			isa = XCBuildConfiguration;
			baseConfigurationReference = B38A70D6ABBC8BED3C000F00 /* Pods-VoiceView.debug.xcconfig */;
			buildSettings = {
				ASSETCATALOG_COMPILER_APPICON_NAME = AppIcon;
				ENABLE_BITCODE = NO;
				GCC_PREFIX_HEADER = "$(SRCROOT)/VoiceView/VoiceView.pch";
				INFOPLIST_FILE = VoiceView/Info.plist;
				LD_RUNPATH_SEARCH_PATHS = "$(inherited) @executable_path/Frameworks";
				LIBRARY_SEARCH_PATHS = (
					"$(inherited)",
					"$(PROJECT_DIR)/VoiceView/VoiceConvert/lib",
				);
				PRODUCT_BUNDLE_IDENTIFIER = YJ.VoiceView;
				PRODUCT_NAME = "$(TARGET_NAME)";
			};
			name = Debug;
		};
		AEE577161CAA94D100927EF1 /* Release */ = {
			isa = XCBuildConfiguration;
			baseConfigurationReference = 88321A77B6DEA6BB315CD84F /* Pods-VoiceView.release.xcconfig */;
			buildSettings = {
				ASSETCATALOG_COMPILER_APPICON_NAME = AppIcon;
				ENABLE_BITCODE = NO;
				GCC_PREFIX_HEADER = "$(SRCROOT)/VoiceView/VoiceView.pch";
				INFOPLIST_FILE = VoiceView/Info.plist;
				LD_RUNPATH_SEARCH_PATHS = "$(inherited) @executable_path/Frameworks";
				LIBRARY_SEARCH_PATHS = (
					"$(inherited)",
					"$(PROJECT_DIR)/VoiceView/VoiceConvert/lib",
				);
				PRODUCT_BUNDLE_IDENTIFIER = YJ.VoiceView;
				PRODUCT_NAME = "$(TARGET_NAME)";
			};
			name = Release;
		};
		AEE577181CAA94D100927EF1 /* Debug */ = {
			isa = XCBuildConfiguration;
			buildSettings = {
				BUNDLE_LOADER = "$(TEST_HOST)";
				INFOPLIST_FILE = VoiceViewTests/Info.plist;
				LD_RUNPATH_SEARCH_PATHS = "$(inherited) @executable_path/Frameworks @loader_path/Frameworks";
				PRODUCT_BUNDLE_IDENTIFIER = YJ.VoiceViewTests;
				PRODUCT_NAME = "$(TARGET_NAME)";
				TEST_HOST = "$(BUILT_PRODUCTS_DIR)/VoiceView.app/VoiceView";
			};
			name = Debug;
		};
		AEE577191CAA94D100927EF1 /* Release */ = {
			isa = XCBuildConfiguration;
			buildSettings = {
				BUNDLE_LOADER = "$(TEST_HOST)";
				INFOPLIST_FILE = VoiceViewTests/Info.plist;
				LD_RUNPATH_SEARCH_PATHS = "$(inherited) @executable_path/Frameworks @loader_path/Frameworks";
				PRODUCT_BUNDLE_IDENTIFIER = YJ.VoiceViewTests;
				PRODUCT_NAME = "$(TARGET_NAME)";
				TEST_HOST = "$(BUILT_PRODUCTS_DIR)/VoiceView.app/VoiceView";
			};
			name = Release;
		};
		AEE5771B1CAA94D100927EF1 /* Debug */ = {
			isa = XCBuildConfiguration;
			buildSettings = {
				INFOPLIST_FILE = VoiceViewUITests/Info.plist;
				LD_RUNPATH_SEARCH_PATHS = "$(inherited) @executable_path/Frameworks @loader_path/Frameworks";
				PRODUCT_BUNDLE_IDENTIFIER = YJ.VoiceViewUITests;
				PRODUCT_NAME = "$(TARGET_NAME)";
				TEST_TARGET_NAME = VoiceView;
				USES_XCTRUNNER = YES;
			};
			name = Debug;
		};
		AEE5771C1CAA94D100927EF1 /* Release */ = {
			isa = XCBuildConfiguration;
			buildSettings = {
				INFOPLIST_FILE = VoiceViewUITests/Info.plist;
				LD_RUNPATH_SEARCH_PATHS = "$(inherited) @executable_path/Frameworks @loader_path/Frameworks";
				PRODUCT_BUNDLE_IDENTIFIER = YJ.VoiceViewUITests;
				PRODUCT_NAME = "$(TARGET_NAME)";
				TEST_TARGET_NAME = VoiceView;
				USES_XCTRUNNER = YES;
			};
			name = Release;
		};
/* End XCBuildConfiguration section */

/* Begin XCConfigurationList section */
		AEE576E21CAA94D000927EF1 /* Build configuration list for PBXProject "VoiceView" */ = {
			isa = XCConfigurationList;
			buildConfigurations = (
				AEE577121CAA94D100927EF1 /* Debug */,
				AEE577131CAA94D100927EF1 /* Release */,
			);
			defaultConfigurationIsVisible = 0;
			defaultConfigurationName = Release;
		};
		AEE577141CAA94D100927EF1 /* Build configuration list for PBXNativeTarget "VoiceView" */ = {
			isa = XCConfigurationList;
			buildConfigurations = (
				AEE577151CAA94D100927EF1 /* Debug */,
				AEE577161CAA94D100927EF1 /* Release */,
			);
			defaultConfigurationIsVisible = 0;
			defaultConfigurationName = Release;
		};
		AEE577171CAA94D100927EF1 /* Build configuration list for PBXNativeTarget "VoiceViewTests" */ = {
			isa = XCConfigurationList;
			buildConfigurations = (
				AEE577181CAA94D100927EF1 /* Debug */,
				AEE577191CAA94D100927EF1 /* Release */,
			);
			defaultConfigurationIsVisible = 0;
			defaultConfigurationName = Release;
		};
		AEE5771A1CAA94D100927EF1 /* Build configuration list for PBXNativeTarget "VoiceViewUITests" */ = {
			isa = XCConfigurationList;
			buildConfigurations = (
				AEE5771B1CAA94D100927EF1 /* Debug */,
				AEE5771C1CAA94D100927EF1 /* Release */,
			);
			defaultConfigurationIsVisible = 0;
			defaultConfigurationName = Release;
		};
/* End XCConfigurationList section */
	};
	rootObject = AEE576DF1CAA94D000927EF1 /* Project object */;
}
